
Microsoft Visual Studio Solution File, Format Version 12.00
# Visual Studio Version 16
VisualStudioVersion = 16.0.33927.289
MinimumVisualStudioVersion = 10.0.40219.1
Project("{2150E333-8FDC-42A3-9474-1A3956D46DE8}") = "Task0", "Task0", "{D1C9B54E-5889-47DE-983A-57B33EE05580}"
EndProject
Project("{FAE04EC0-301F-11D3-BF4B-00C04F79EFBC}") = "Tyuiu.ChazovaSR.Sprint6.Task0.V9.Test", "Tyuiu.ChazovaSR.Sprint6.Task0.V9.Test\Tyuiu.ChazovaSR.Sprint6.Task0.V9.Test.csproj", "{1E1A58D3-AF5C-43AC-A31A-F0EAEFD0B472}"
EndProject
Project("{FAE04EC0-301F-11D3-BF4B-00C04F79EFBC}") = "Tyuiu.ChazovaSR.Sprint6.Task0.V9.Lib", "Tyuiu.ChazovaSR.Sprint6.Task0.V9.Lib\Tyuiu.ChazovaSR.Sprint6.Task0.V9.Lib.csproj", "{9615DDB1-CFA5-4709-BB44-D47EC4009F32}"
EndProject
Project("{FAE04EC0-301F-11D3-BF4B-00C04F79EFBC}") = "Tyuiu.ChazovaSR.Sprint6.Task0.V9", "Tyuiu.ChazovaSR.Sprint6.Task0.V9\Tyuiu.ChazovaSR.Sprint6.Task0.V9.csproj", "{2EB2B228-5C8F-45F3-92F3-A60BFEE5FC94}"
EndProject
Project("{2150E333-8FDC-42A3-9474-1A3956D46DE8}") = "Task1", "Task1", "{95D9BB5E-15C3-4BF7-8819-4ADEC7A26675}"
EndProject
Project("{FAE04EC0-301F-11D3-BF4B-00C04F79EFBC}") = "Tyuiu.ChazovaSR.Sprint6.Task1.V11.Test", "Tyuiu.ChazovaSR.Sprint6.Task1.V11.Test\Tyuiu.ChazovaSR.Sprint6.Task1.V11.Test.csproj", "{04F0839B-1711-499C-A028-8D90706C6A15}"
EndProject
Project("{FAE04EC0-301F-11D3-BF4B-00C04F79EFBC}") = "Tyuiu.ChazovaSR.Sprint6.Task1.V11.Lib", "Tyuiu.ChazovaSR.Sprint6.Task1.V11.Lib\Tyuiu.ChazovaSR.Sprint6.Task1.V11.Lib.csproj", "{92797AAD-778B-42A9-9FDA-FB6CA71B76E3}"
EndProject
Project("{FAE04EC0-301F-11D3-BF4B-00C04F79EFBC}") = "Tyuiu.ChazovaSR.Sprint6.Task1.V11", "Tyuiu.ChazovaSR.Sprint6.Task1.V11\Tyuiu.ChazovaSR.Sprint6.Task1.V11.csproj", "{4E1106BF-52D8-4F52-BE11-A0F5BC1D92D3}"
EndProject
Project("{2150E333-8FDC-42A3-9474-1A3956D46DE8}") = "Task2", "Task2", "{A68957CD-D9B0-431C-97F1-2AFC119722B9}"
EndProject
Project("{FAE04EC0-301F-11D3-BF4B-00C04F79EFBC}") = "Tyuiu.ChazovaSR.Sprint6.Task2.V3.Lib", "Tyuiu.ChazovaSR.Sprint6.Task2.V3.Lib\Tyuiu.ChazovaSR.Sprint6.Task2.V3.Lib.csproj", "{EF495E58-3179-486F-886E-66D8B76E2B45}"
EndProject
Project("{FAE04EC0-301F-11D3-BF4B-00C04F79EFBC}") = "Tyuiu.ChazovaSR.Sprint6.Task2.V3.Test", "Tyuiu.ChazovaSR.Sprint6.Task2.V3.Test\Tyuiu.ChazovaSR.Sprint6.Task2.V3.Test.csproj", "{0DDD8123-D230-4C89-9D9B-7285F9EE5083}"
EndProject
Project("{FAE04EC0-301F-11D3-BF4B-00C04F79EFBC}") = "Tyuiu.ChazovaSR.Sprint6.Task2.V3", "Tyuiu.ChazovaSR.Sprint6.Task2.V3\Tyuiu.ChazovaSR.Sprint6.Task2.V3.csproj", "{705FFDC8-4093-4C37-A0BC-85FCD5823490}"
EndProject
Project("{2150E333-8FDC-42A3-9474-1A3956D46DE8}") = "Task3", "Task3", "{0A6AA7F8-C26C-421D-9934-811F74CC4DE0}"
EndProject
Project("{FAE04EC0-301F-11D3-BF4B-00C04F79EFBC}") = "Tyuiu.ChazovaSR.Sprint6.Task3.V20.Lib", "Tyuiu.ChazovaSR.Sprint6.Task3.V20.Lib\Tyuiu.ChazovaSR.Sprint6.Task3.V20.Lib.csproj", "{55609024-CC3D-4BF2-9DE0-EAC595CD7B6F}"
EndProject
Project("{FAE04EC0-301F-11D3-BF4B-00C04F79EFBC}") = "Tyuiu.ChazovaSR.Sprint6.Task3.V20.Test", "Tyuiu.ChazovaSR.Sprint6.Task3.V20.Test\Tyuiu.ChazovaSR.Sprint6.Task3.V20.Test.csproj", "{CC7D4092-2C16-4B1F-B51F-4671C097BA2C}"
EndProject
Project("{FAE04EC0-301F-11D3-BF4B-00C04F79EFBC}") = "Tyuiu.ChazovaSR.Sprint6.Task3.V20", "Tyuiu.ChazovaSR.Sprint6.Task3.V20\Tyuiu.ChazovaSR.Sprint6.Task3.V20.csproj", "{BC4C5F60-C74C-4087-B87E-E1068B381394}"
EndProject
Project("{2150E333-8FDC-42A3-9474-1A3956D46DE8}") = "Task4", "Task4", "{92109031-DC6F-4FF7-8A11-4D55F998CB63}"
EndProject
Project("{2150E333-8FDC-42A3-9474-1A3956D46DE8}") = "Task5", "Task5", "{C501B175-CFA9-467F-80F8-83C11A6C3A93}"
EndProject
Project("{2150E333-8FDC-42A3-9474-1A3956D46DE8}") = "Task6", "Task6", "{5135530A-5D96-4EE8-95B5-BE0B2D4F3F94}"
EndProject
Project("{FAE04EC0-301F-11D3-BF4B-00C04F79EFBC}") = "Tyuiu.ChazovaSR.Sprint6.Task4.V23.Test", "Tyuiu.ChazovaSR.Sprint6.Task4.V23.Test\Tyuiu.ChazovaSR.Sprint6.Task4.V23.Test.csproj", "{1FEDA01C-F7BB-4A96-BF23-5FF0273E6E41}"
EndProject
Project("{FAE04EC0-301F-11D3-BF4B-00C04F79EFBC}") = "Tyuiu.ChazovaSR.Sprint6.Task4.V23.Lib", "Tyuiu.ChazovaSR.Sprint6.Task4.V23.Lib\Tyuiu.ChazovaSR.Sprint6.Task4.V23.Lib.csproj", "{7819BDEE-52E8-4B5F-8408-14A929D24B26}"
EndProject
Project("{FAE04EC0-301F-11D3-BF4B-00C04F79EFBC}") = "Tyuiu.ChazovaSR.Sprint6.Task4.V23", "Tyuiu.ChazovaSR.Sprint6.Task4.V23\Tyuiu.ChazovaSR.Sprint6.Task4.V23.csproj", "{E6434B83-CB27-4EE0-AD03-FC44E2855EBB}"
EndProject
Project("{FAE04EC0-301F-11D3-BF4B-00C04F79EFBC}") = "Tyuiu.ChazovaSR.Sprint6.Task5.V18.Lib", "Tyuiu.ChazovaSR.Sprint6.Task5.V18.Lib\Tyuiu.ChazovaSR.Sprint6.Task5.V18.Lib.csproj", "{0618FC9F-5FB5-43ED-A4F0-A334D6E24FEE}"
EndProject
Project("{FAE04EC0-301F-11D3-BF4B-00C04F79EFBC}") = "Tyuiu.ChazovaSR.Sprint6.Task5.V18.Test", "Tyuiu.ChazovaSR.Sprint6.Task5.V18.Test\Tyuiu.ChazovaSR.Sprint6.Task5.V18.Test.csproj", "{C4CA7953-FAA3-4329-A2C2-BE5FBA3E17CA}"
EndProject
Project("{FAE04EC0-301F-11D3-BF4B-00C04F79EFBC}") = "Tyuiu.ChazovaSR.Sprint6.Task5.V18", "Tyuiu.ChazovaSR.Sprint6.Task5.V18\Tyuiu.ChazovaSR.Sprint6.Task5.V18.csproj", "{4B393859-AA20-4F1A-825F-D378E83B820D}"
EndProject
Project("{FAE04EC0-301F-11D3-BF4B-00C04F79EFBC}") = "Tyuiu.ChazovaSR.Sprint6.Task6.V20", "Tyuiu.ChazovaSR.Sprint6.Task6.V20\Tyuiu.ChazovaSR.Sprint6.Task6.V20.csproj", "{75404497-3989-4DDD-9E89-CDBE0E0C4D7C}"
EndProject
Project("{FAE04EC0-301F-11D3-BF4B-00C04F79EFBC}") = "Tyuiu.ChazovaSR.Sprint6.Task6.V20.Test", "Tyuiu.ChazovaSR.Sprint6.Task6.V20.Test\Tyuiu.ChazovaSR.Sprint6.Task6.V20.Test.csproj", "{E52B19DB-6158-4D01-A18E-78C082E8E5CC}"
EndProject
Project("{FAE04EC0-301F-11D3-BF4B-00C04F79EFBC}") = "Tyuiu.ChazovaSR.Sprint6.Task6.V20.Lib", "Tyuiu.ChazovaSR.Sprint6.Task6.V20.Lib\Tyuiu.ChazovaSR.Sprint6.Task6.V20.Lib.csproj", "{D8536305-C609-46D2-8212-3CDECFB9A3B2}"
EndProject
Global
	GlobalSection(SolutionConfigurationPlatforms) = preSolution
		Debug|Any CPU = Debug|Any CPU
		Release|Any CPU = Release|Any CPU
	EndGlobalSection
	GlobalSection(ProjectConfigurationPlatforms) = postSolution
		{1E1A58D3-AF5C-43AC-A31A-F0EAEFD0B472}.Debug|Any CPU.ActiveCfg = Debug|Any CPU
		{1E1A58D3-AF5C-43AC-A31A-F0EAEFD0B472}.Debug|Any CPU.Build.0 = Debug|Any CPU
		{1E1A58D3-AF5C-43AC-A31A-F0EAEFD0B472}.Release|Any CPU.ActiveCfg = Release|Any CPU
		{1E1A58D3-AF5C-43AC-A31A-F0EAEFD0B472}.Release|Any CPU.Build.0 = Release|Any CPU
		{9615DDB1-CFA5-4709-BB44-D47EC4009F32}.Debug|Any CPU.ActiveCfg = Debug|Any CPU
		{9615DDB1-CFA5-4709-BB44-D47EC4009F32}.Debug|Any CPU.Build.0 = Debug|Any CPU
		{9615DDB1-CFA5-4709-BB44-D47EC4009F32}.Release|Any CPU.ActiveCfg = Release|Any CPU
		{9615DDB1-CFA5-4709-BB44-D47EC4009F32}.Release|Any CPU.Build.0 = Release|Any CPU
		{2EB2B228-5C8F-45F3-92F3-A60BFEE5FC94}.Debug|Any CPU.ActiveCfg = Debug|Any CPU
		{2EB2B228-5C8F-45F3-92F3-A60BFEE5FC94}.Debug|Any CPU.Build.0 = Debug|Any CPU
		{2EB2B228-5C8F-45F3-92F3-A60BFEE5FC94}.Release|Any CPU.ActiveCfg = Release|Any CPU
		{2EB2B228-5C8F-45F3-92F3-A60BFEE5FC94}.Release|Any CPU.Build.0 = Release|Any CPU
		{04F0839B-1711-499C-A028-8D90706C6A15}.Debug|Any CPU.ActiveCfg = Debug|Any CPU
		{04F0839B-1711-499C-A028-8D90706C6A15}.Debug|Any CPU.Build.0 = Debug|Any CPU
		{04F0839B-1711-499C-A028-8D90706C6A15}.Release|Any CPU.ActiveCfg = Release|Any CPU
		{04F0839B-1711-499C-A028-8D90706C6A15}.Release|Any CPU.Build.0 = Release|Any CPU
		{92797AAD-778B-42A9-9FDA-FB6CA71B76E3}.Debug|Any CPU.ActiveCfg = Debug|Any CPU
		{92797AAD-778B-42A9-9FDA-FB6CA71B76E3}.Debug|Any CPU.Build.0 = Debug|Any CPU
		{92797AAD-778B-42A9-9FDA-FB6CA71B76E3}.Release|Any CPU.ActiveCfg = Release|Any CPU
		{92797AAD-778B-42A9-9FDA-FB6CA71B76E3}.Release|Any CPU.Build.0 = Release|Any CPU
		{4E1106BF-52D8-4F52-BE11-A0F5BC1D92D3}.Debug|Any CPU.ActiveCfg = Debug|Any CPU
		{4E1106BF-52D8-4F52-BE11-A0F5BC1D92D3}.Debug|Any CPU.Build.0 = Debug|Any CPU
		{4E1106BF-52D8-4F52-BE11-A0F5BC1D92D3}.Release|Any CPU.ActiveCfg = Release|Any CPU
		{4E1106BF-52D8-4F52-BE11-A0F5BC1D92D3}.Release|Any CPU.Build.0 = Release|Any CPU
		{EF495E58-3179-486F-886E-66D8B76E2B45}.Debug|Any CPU.ActiveCfg = Debug|Any CPU
		{EF495E58-3179-486F-886E-66D8B76E2B45}.Debug|Any CPU.Build.0 = Debug|Any CPU
		{EF495E58-3179-486F-886E-66D8B76E2B45}.Release|Any CPU.ActiveCfg = Release|Any CPU
		{EF495E58-3179-486F-886E-66D8B76E2B45}.Release|Any CPU.Build.0 = Release|Any CPU
		{0DDD8123-D230-4C89-9D9B-7285F9EE5083}.Debug|Any CPU.ActiveCfg = Debug|Any CPU
		{0DDD8123-D230-4C89-9D9B-7285F9EE5083}.Debug|Any CPU.Build.0 = Debug|Any CPU
		{0DDD8123-D230-4C89-9D9B-7285F9EE5083}.Release|Any CPU.ActiveCfg = Release|Any CPU
		{0DDD8123-D230-4C89-9D9B-7285F9EE5083}.Release|Any CPU.Build.0 = Release|Any CPU
		{705FFDC8-4093-4C37-A0BC-85FCD5823490}.Debug|Any CPU.ActiveCfg = Debug|Any CPU
		{705FFDC8-4093-4C37-A0BC-85FCD5823490}.Debug|Any CPU.Build.0 = Debug|Any CPU
		{705FFDC8-4093-4C37-A0BC-85FCD5823490}.Release|Any CPU.ActiveCfg = Release|Any CPU
		{705FFDC8-4093-4C37-A0BC-85FCD5823490}.Release|Any CPU.Build.0 = Release|Any CPU
		{55609024-CC3D-4BF2-9DE0-EAC595CD7B6F}.Debug|Any CPU.ActiveCfg = Debug|Any CPU
		{55609024-CC3D-4BF2-9DE0-EAC595CD7B6F}.Debug|Any CPU.Build.0 = Debug|Any CPU
		{55609024-CC3D-4BF2-9DE0-EAC595CD7B6F}.Release|Any CPU.ActiveCfg = Release|Any CPU
		{55609024-CC3D-4BF2-9DE0-EAC595CD7B6F}.Release|Any CPU.Build.0 = Release|Any CPU
		{CC7D4092-2C16-4B1F-B51F-4671C097BA2C}.Debug|Any CPU.ActiveCfg = Debug|Any CPU
		{CC7D4092-2C16-4B1F-B51F-4671C097BA2C}.Debug|Any CPU.Build.0 = Debug|Any CPU
		{CC7D4092-2C16-4B1F-B51F-4671C097BA2C}.Release|Any CPU.ActiveCfg = Release|Any CPU
		{CC7D4092-2C16-4B1F-B51F-4671C097BA2C}.Release|Any CPU.Build.0 = Release|Any CPU
		{BC4C5F60-C74C-4087-B87E-E1068B381394}.Debug|Any CPU.ActiveCfg = Debug|Any CPU
		{BC4C5F60-C74C-4087-B87E-E1068B381394}.Debug|Any CPU.Build.0 = Debug|Any CPU
		{BC4C5F60-C74C-4087-B87E-E1068B381394}.Release|Any CPU.ActiveCfg = Release|Any CPU
		{BC4C5F60-C74C-4087-B87E-E1068B381394}.Release|Any CPU.Build.0 = Release|Any CPU
		{1FEDA01C-F7BB-4A96-BF23-5FF0273E6E41}.Debug|Any CPU.ActiveCfg = Debug|Any CPU
		{1FEDA01C-F7BB-4A96-BF23-5FF0273E6E41}.Debug|Any CPU.Build.0 = Debug|Any CPU
		{1FEDA01C-F7BB-4A96-BF23-5FF0273E6E41}.Release|Any CPU.ActiveCfg = Release|Any CPU
		{1FEDA01C-F7BB-4A96-BF23-5FF0273E6E41}.Release|Any CPU.Build.0 = Release|Any CPU
		{7819BDEE-52E8-4B5F-8408-14A929D24B26}.Debug|Any CPU.ActiveCfg = Debug|Any CPU
		{7819BDEE-52E8-4B5F-8408-14A929D24B26}.Debug|Any CPU.Build.0 = Debug|Any CPU
		{7819BDEE-52E8-4B5F-8408-14A929D24B26}.Release|Any CPU.ActiveCfg = Release|Any CPU
		{7819BDEE-52E8-4B5F-8408-14A929D24B26}.Release|Any CPU.Build.0 = Release|Any CPU
		{E6434B83-CB27-4EE0-AD03-FC44E2855EBB}.Debug|Any CPU.ActiveCfg = Debug|Any CPU
		{E6434B83-CB27-4EE0-AD03-FC44E2855EBB}.Debug|Any CPU.Build.0 = Debug|Any CPU
		{E6434B83-CB27-4EE0-AD03-FC44E2855EBB}.Release|Any CPU.ActiveCfg = Release|Any CPU
		{E6434B83-CB27-4EE0-AD03-FC44E2855EBB}.Release|Any CPU.Build.0 = Release|Any CPU
		{0618FC9F-5FB5-43ED-A4F0-A334D6E24FEE}.Debug|Any CPU.ActiveCfg = Debug|Any CPU
		{0618FC9F-5FB5-43ED-A4F0-A334D6E24FEE}.Debug|Any CPU.Build.0 = Debug|Any CPU
		{0618FC9F-5FB5-43ED-A4F0-A334D6E24FEE}.Release|Any CPU.ActiveCfg = Release|Any CPU
		{0618FC9F-5FB5-43ED-A4F0-A334D6E24FEE}.Release|Any CPU.Build.0 = Release|Any CPU
		{C4CA7953-FAA3-4329-A2C2-BE5FBA3E17CA}.Debug|Any CPU.ActiveCfg = Debug|Any CPU
		{C4CA7953-FAA3-4329-A2C2-BE5FBA3E17CA}.Debug|Any CPU.Build.0 = Debug|Any CPU
		{C4CA7953-FAA3-4329-A2C2-BE5FBA3E17CA}.Release|Any CPU.ActiveCfg = Release|Any CPU
		{C4CA7953-FAA3-4329-A2C2-BE5FBA3E17CA}.Release|Any CPU.Build.0 = Release|Any CPU
		{4B393859-AA20-4F1A-825F-D378E83B820D}.Debug|Any CPU.ActiveCfg = Debug|Any CPU
		{4B393859-AA20-4F1A-825F-D378E83B820D}.Debug|Any CPU.Build.0 = Debug|Any CPU
		{4B393859-AA20-4F1A-825F-D378E83B820D}.Release|Any CPU.ActiveCfg = Release|Any CPU
		{4B393859-AA20-4F1A-825F-D378E83B820D}.Release|Any CPU.Build.0 = Release|Any CPU
		{75404497-3989-4DDD-9E89-CDBE0E0C4D7C}.Debug|Any CPU.ActiveCfg = Debug|Any CPU
		{75404497-3989-4DDD-9E89-CDBE0E0C4D7C}.Debug|Any CPU.Build.0 = Debug|Any CPU
		{75404497-3989-4DDD-9E89-CDBE0E0C4D7C}.Release|Any CPU.ActiveCfg = Release|Any CPU
		{75404497-3989-4DDD-9E89-CDBE0E0C4D7C}.Release|Any CPU.Build.0 = Release|Any CPU
		{E52B19DB-6158-4D01-A18E-78C082E8E5CC}.Debug|Any CPU.ActiveCfg = Debug|Any CPU
		{E52B19DB-6158-4D01-A18E-78C082E8E5CC}.Debug|Any CPU.Build.0 = Debug|Any CPU
		{E52B19DB-6158-4D01-A18E-78C082E8E5CC}.Release|Any CPU.ActiveCfg = Release|Any CPU
		{E52B19DB-6158-4D01-A18E-78C082E8E5CC}.Release|Any CPU.Build.0 = Release|Any CPU
		{D8536305-C609-46D2-8212-3CDECFB9A3B2}.Debug|Any CPU.ActiveCfg = Debug|Any CPU
		{D8536305-C609-46D2-8212-3CDECFB9A3B2}.Debug|Any CPU.Build.0 = Debug|Any CPU
		{D8536305-C609-46D2-8212-3CDECFB9A3B2}.Release|Any CPU.ActiveCfg = Release|Any CPU
		{D8536305-C609-46D2-8212-3CDECFB9A3B2}.Release|Any CPU.Build.0 = Release|Any CPU
	EndGlobalSection
	GlobalSection(SolutionProperties) = preSolution
		HideSolutionNode = FALSE
	EndGlobalSection
	GlobalSection(NestedProjects) = preSolution
		{1E1A58D3-AF5C-43AC-A31A-F0EAEFD0B472} = {D1C9B54E-5889-47DE-983A-57B33EE05580}
		{9615DDB1-CFA5-4709-BB44-D47EC4009F32} = {D1C9B54E-5889-47DE-983A-57B33EE05580}
		{2EB2B228-5C8F-45F3-92F3-A60BFEE5FC94} = {D1C9B54E-5889-47DE-983A-57B33EE05580}
		{04F0839B-1711-499C-A028-8D90706C6A15} = {95D9BB5E-15C3-4BF7-8819-4ADEC7A26675}
		{92797AAD-778B-42A9-9FDA-FB6CA71B76E3} = {95D9BB5E-15C3-4BF7-8819-4ADEC7A26675}
		{4E1106BF-52D8-4F52-BE11-A0F5BC1D92D3} = {95D9BB5E-15C3-4BF7-8819-4ADEC7A26675}
		{EF495E58-3179-486F-886E-66D8B76E2B45} = {A68957CD-D9B0-431C-97F1-2AFC119722B9}
		{0DDD8123-D230-4C89-9D9B-7285F9EE5083} = {A68957CD-D9B0-431C-97F1-2AFC119722B9}
		{705FFDC8-4093-4C37-A0BC-85FCD5823490} = {A68957CD-D9B0-431C-97F1-2AFC119722B9}
		{55609024-CC3D-4BF2-9DE0-EAC595CD7B6F} = {0A6AA7F8-C26C-421D-9934-811F74CC4DE0}
		{CC7D4092-2C16-4B1F-B51F-4671C097BA2C} = {0A6AA7F8-C26C-421D-9934-811F74CC4DE0}
		{BC4C5F60-C74C-4087-B87E-E1068B381394} = {0A6AA7F8-C26C-421D-9934-811F74CC4DE0}
		{1FEDA01C-F7BB-4A96-BF23-5FF0273E6E41} = {92109031-DC6F-4FF7-8A11-4D55F998CB63}
		{7819BDEE-52E8-4B5F-8408-14A929D24B26} = {92109031-DC6F-4FF7-8A11-4D55F998CB63}
		{E6434B83-CB27-4EE0-AD03-FC44E2855EBB} = {92109031-DC6F-4FF7-8A11-4D55F998CB63}
		{0618FC9F-5FB5-43ED-A4F0-A334D6E24FEE} = {C501B175-CFA9-467F-80F8-83C11A6C3A93}
		{C4CA7953-FAA3-4329-A2C2-BE5FBA3E17CA} = {C501B175-CFA9-467F-80F8-83C11A6C3A93}
		{4B393859-AA20-4F1A-825F-D378E83B820D} = {C501B175-CFA9-467F-80F8-83C11A6C3A93}
		{75404497-3989-4DDD-9E89-CDBE0E0C4D7C} = {5135530A-5D96-4EE8-95B5-BE0B2D4F3F94}
		{E52B19DB-6158-4D01-A18E-78C082E8E5CC} = {5135530A-5D96-4EE8-95B5-BE0B2D4F3F94}
		{D8536305-C609-46D2-8212-3CDECFB9A3B2} = {5135530A-5D96-4EE8-95B5-BE0B2D4F3F94}
	EndGlobalSection
	GlobalSection(ExtensibilityGlobals) = postSolution
		SolutionGuid = {311CE69B-DDB1-4154-BA12-EC5468D8D42E}
	EndGlobalSection
EndGlobal
