
Microsoft Visual Studio Solution File, Format Version 12.00
# Visual Studio Version 16
VisualStudioVersion = 16.0.33927.289
MinimumVisualStudioVersion = 10.0.40219.1
Project("{2150E333-8FDC-42A3-9474-1A3956D46DE8}") = "Task0", "Task0", "{D1C9B54E-5889-47DE-983A-57B33EE05580}"
EndProject
Project("{FAE04EC0-301F-11D3-BF4B-00C04F79EFBC}") = "Tyuiu.ChazovaSR.Sprint6.Task0.V9.Test", "Tyuiu.ChazovaSR.Sprint6.Task0.V9.Test\Tyuiu.ChazovaSR.Sprint6.Task0.V9.Test.csproj", "{1E1A58D3-AF5C-43AC-A31A-F0EAEFD0B472}"
EndProject
Project("{FAE04EC0-301F-11D3-BF4B-00C04F79EFBC}") = "Tyuiu.ChazovaSR.Sprint6.Task0.V9.Lib", "Tyuiu.ChazovaSR.Sprint6.Task0.V9.Lib\Tyuiu.ChazovaSR.Sprint6.Task0.V9.Lib.csproj", "{9615DDB1-CFA5-4709-BB44-D47EC4009F32}"
EndProject
Project("{FAE04EC0-301F-11D3-BF4B-00C04F79EFBC}") = "Tyuiu.ChazovaSR.Sprint6.Task0.V9", "Tyuiu.ChazovaSR.Sprint6.Task0.V9\Tyuiu.ChazovaSR.Sprint6.Task0.V9.csproj", "{2EB2B228-5C8F-45F3-92F3-A60BFEE5FC94}"
EndProject
Project("{2150E333-8FDC-42A3-9474-1A3956D46DE8}") = "Task1", "Task1", "{95D9BB5E-15C3-4BF7-8819-4ADEC7A26675}"
EndProject
Project("{FAE04EC0-301F-11D3-BF4B-00C04F79EFBC}") = "Tyuiu.ChazovaSR.Sprint6.Task1.V11.Test", "Tyuiu.ChazovaSR.Sprint6.Task1.V11.Test\Tyuiu.ChazovaSR.Sprint6.Task1.V11.Test.csproj", "{04F0839B-1711-499C-A028-8D90706C6A15}"
EndProject
Project("{FAE04EC0-301F-11D3-BF4B-00C04F79EFBC}") = "Tyuiu.ChazovaSR.Sprint6.Task1.V11.Lib", "Tyuiu.ChazovaSR.Sprint6.Task1.V11.Lib\Tyuiu.ChazovaSR.Sprint6.Task1.V11.Lib.csproj", "{92797AAD-778B-42A9-9FDA-FB6CA71B76E3}"
EndProject
Project("{FAE04EC0-301F-11D3-BF4B-00C04F79EFBC}") = "Tyuiu.ChazovaSR.Sprint6.Task1.V11", "Tyuiu.ChazovaSR.Sprint6.Task1.V11\Tyuiu.ChazovaSR.Sprint6.Task1.V11.csproj", "{4E1106BF-52D8-4F52-BE11-A0F5BC1D92D3}"
EndProject
Project("{2150E333-8FDC-42A3-9474-1A3956D46DE8}") = "Task2", "Task2", "{A68957CD-D9B0-431C-97F1-2AFC119722B9}"
EndProject
Project("{FAE04EC0-301F-11D3-BF4B-00C04F79EFBC}") = "Tyuiu.ChazovaSR.Sprint6.Task2.V3.Lib", "Tyuiu.ChazovaSR.Sprint6.Task2.V3.Lib\Tyuiu.ChazovaSR.Sprint6.Task2.V3.Lib.csproj", "{EF495E58-3179-486F-886E-66D8B76E2B45}"
EndProject
Project("{FAE04EC0-301F-11D3-BF4B-00C04F79EFBC}") = "Tyuiu.ChazovaSR.Sprint6.Task2.V3.Test", "Tyuiu.ChazovaSR.Sprint6.Task2.V3.Test\Tyuiu.ChazovaSR.Sprint6.Task2.V3.Test.csproj", "{0DDD8123-D230-4C89-9D9B-7285F9EE5083}"
EndProject
Project("{FAE04EC0-301F-11D3-BF4B-00C04F79EFBC}") = "Tyuiu.ChazovaSR.Sprint6.Task2.V3", "Tyuiu.ChazovaSR.Sprint6.Task2.V3\Tyuiu.ChazovaSR.Sprint6.Task2.V3.csproj", "{705FFDC8-4093-4C37-A0BC-85FCD5823490}"
EndProject
Global
	GlobalSection(SolutionConfigurationPlatforms) = preSolution
		Debug|Any CPU = Debug|Any CPU
		Release|Any CPU = Release|Any CPU
	EndGlobalSection
	GlobalSection(ProjectConfigurationPlatforms) = postSolution
		{1E1A58D3-AF5C-43AC-A31A-F0EAEFD0B472}.Debug|Any CPU.ActiveCfg = Debug|Any CPU
		{1E1A58D3-AF5C-43AC-A31A-F0EAEFD0B472}.Debug|Any CPU.Build.0 = Debug|Any CPU
		{1E1A58D3-AF5C-43AC-A31A-F0EAEFD0B472}.Release|Any CPU.ActiveCfg = Release|Any CPU
		{1E1A58D3-AF5C-43AC-A31A-F0EAEFD0B472}.Release|Any CPU.Build.0 = Release|Any CPU
		{9615DDB1-CFA5-4709-BB44-D47EC4009F32}.Debug|Any CPU.ActiveCfg = Debug|Any CPU
		{9615DDB1-CFA5-4709-BB44-D47EC4009F32}.Debug|Any CPU.Build.0 = Debug|Any CPU
		{9615DDB1-CFA5-4709-BB44-D47EC4009F32}.Release|Any CPU.ActiveCfg = Release|Any CPU
		{9615DDB1-CFA5-4709-BB44-D47EC4009F32}.Release|Any CPU.Build.0 = Release|Any CPU
		{2EB2B228-5C8F-45F3-92F3-A60BFEE5FC94}.Debug|Any CPU.ActiveCfg = Debug|Any CPU
		{2EB2B228-5C8F-45F3-92F3-A60BFEE5FC94}.Debug|Any CPU.Build.0 = Debug|Any CPU
		{2EB2B228-5C8F-45F3-92F3-A60BFEE5FC94}.Release|Any CPU.ActiveCfg = Release|Any CPU
		{2EB2B228-5C8F-45F3-92F3-A60BFEE5FC94}.Release|Any CPU.Build.0 = Release|Any CPU
		{04F0839B-1711-499C-A028-8D90706C6A15}.Debug|Any CPU.ActiveCfg = Debug|Any CPU
		{04F0839B-1711-499C-A028-8D90706C6A15}.Debug|Any CPU.Build.0 = Debug|Any CPU
		{04F0839B-1711-499C-A028-8D90706C6A15}.Release|Any CPU.ActiveCfg = Release|Any CPU
		{04F0839B-1711-499C-A028-8D90706C6A15}.Release|Any CPU.Build.0 = Release|Any CPU
		{92797AAD-778B-42A9-9FDA-FB6CA71B76E3}.Debug|Any CPU.ActiveCfg = Debug|Any CPU
		{92797AAD-778B-42A9-9FDA-FB6CA71B76E3}.Debug|Any CPU.Build.0 = Debug|Any CPU
		{92797AAD-778B-42A9-9FDA-FB6CA71B76E3}.Release|Any CPU.ActiveCfg = Release|Any CPU
		{92797AAD-778B-42A9-9FDA-FB6CA71B76E3}.Release|Any CPU.Build.0 = Release|Any CPU
		{4E1106BF-52D8-4F52-BE11-A0F5BC1D92D3}.Debug|Any CPU.ActiveCfg = Debug|Any CPU
		{4E1106BF-52D8-4F52-BE11-A0F5BC1D92D3}.Debug|Any CPU.Build.0 = Debug|Any CPU
		{4E1106BF-52D8-4F52-BE11-A0F5BC1D92D3}.Release|Any CPU.ActiveCfg = Release|Any CPU
		{4E1106BF-52D8-4F52-BE11-A0F5BC1D92D3}.Release|Any CPU.Build.0 = Release|Any CPU
		{EF495E58-3179-486F-886E-66D8B76E2B45}.Debug|Any CPU.ActiveCfg = Debug|Any CPU
		{EF495E58-3179-486F-886E-66D8B76E2B45}.Debug|Any CPU.Build.0 = Debug|Any CPU
		{EF495E58-3179-486F-886E-66D8B76E2B45}.Release|Any CPU.ActiveCfg = Release|Any CPU
		{EF495E58-3179-486F-886E-66D8B76E2B45}.Release|Any CPU.Build.0 = Release|Any CPU
		{0DDD8123-D230-4C89-9D9B-7285F9EE5083}.Debug|Any CPU.ActiveCfg = Debug|Any CPU
		{0DDD8123-D230-4C89-9D9B-7285F9EE5083}.Debug|Any CPU.Build.0 = Debug|Any CPU
		{0DDD8123-D230-4C89-9D9B-7285F9EE5083}.Release|Any CPU.ActiveCfg = Release|Any CPU
		{0DDD8123-D230-4C89-9D9B-7285F9EE5083}.Release|Any CPU.Build.0 = Release|Any CPU
		{705FFDC8-4093-4C37-A0BC-85FCD5823490}.Debug|Any CPU.ActiveCfg = Debug|Any CPU
		{705FFDC8-4093-4C37-A0BC-85FCD5823490}.Debug|Any CPU.Build.0 = Debug|Any CPU
		{705FFDC8-4093-4C37-A0BC-85FCD5823490}.Release|Any CPU.ActiveCfg = Release|Any CPU
		{705FFDC8-4093-4C37-A0BC-85FCD5823490}.Release|Any CPU.Build.0 = Release|Any CPU
	EndGlobalSection
	GlobalSection(SolutionProperties) = preSolution
		HideSolutionNode = FALSE
	EndGlobalSection
	GlobalSection(NestedProjects) = preSolution
		{1E1A58D3-AF5C-43AC-A31A-F0EAEFD0B472} = {D1C9B54E-5889-47DE-983A-57B33EE05580}
		{9615DDB1-CFA5-4709-BB44-D47EC4009F32} = {D1C9B54E-5889-47DE-983A-57B33EE05580}
		{2EB2B228-5C8F-45F3-92F3-A60BFEE5FC94} = {D1C9B54E-5889-47DE-983A-57B33EE05580}
		{04F0839B-1711-499C-A028-8D90706C6A15} = {95D9BB5E-15C3-4BF7-8819-4ADEC7A26675}
		{92797AAD-778B-42A9-9FDA-FB6CA71B76E3} = {95D9BB5E-15C3-4BF7-8819-4ADEC7A26675}
		{4E1106BF-52D8-4F52-BE11-A0F5BC1D92D3} = {95D9BB5E-15C3-4BF7-8819-4ADEC7A26675}
		{EF495E58-3179-486F-886E-66D8B76E2B45} = {A68957CD-D9B0-431C-97F1-2AFC119722B9}
		{0DDD8123-D230-4C89-9D9B-7285F9EE5083} = {A68957CD-D9B0-431C-97F1-2AFC119722B9}
		{705FFDC8-4093-4C37-A0BC-85FCD5823490} = {A68957CD-D9B0-431C-97F1-2AFC119722B9}
	EndGlobalSection
	GlobalSection(ExtensibilityGlobals) = postSolution
		SolutionGuid = {311CE69B-DDB1-4154-BA12-EC5468D8D42E}
	EndGlobalSection
EndGlobal
